// !$*UTF8*$!
{
	archiveVersion = 1;
	classes = {
	};
	objectVersion = 50;
	objects = {

/* Begin PBXBuildFile section */
		722698FB2275377D0047C80B /* SRMessageKitDateFormatter.m in Sources */ = {isa = PBXBuildFile; fileRef = 722698FA2275377D0047C80B /* SRMessageKitDateFormatter.m */; };
		722698FE22753B8C0047C80B /* SRMessageStyle.m in Sources */ = {isa = PBXBuildFile; fileRef = 722698FD22753B8C0047C80B /* SRMessageStyle.m */; };
		7226990122753F490047C80B /* SRSender.m in Sources */ = {isa = PBXBuildFile; fileRef = 7226990022753F490047C80B /* SRSender.m */; };
		72269904227544CF0047C80B /* SRMessageType.m in Sources */ = {isa = PBXBuildFile; fileRef = 72269903227544CF0047C80B /* SRMessageType.m */; };
		72269907227545DF0047C80B /* SRMediaItem.m in Sources */ = {isa = PBXBuildFile; fileRef = 72269906227545DF0047C80B /* SRMediaItem.m */; };
		7226990A2275463D0047C80B /* SRLocationItem.m in Sources */ = {isa = PBXBuildFile; fileRef = 722699092275463D0047C80B /* SRLocationItem.m */; };
		7226990F227546CF0047C80B /* SRMessageCollectionViewCell.m in Sources */ = {isa = PBXBuildFile; fileRef = 7226990E227546CF0047C80B /* SRMessageCollectionViewCell.m */; };
		72269912227546FD0047C80B /* SRMessageContentCell.m in Sources */ = {isa = PBXBuildFile; fileRef = 72269911227546FD0047C80B /* SRMessageContentCell.m */; };
		722699152275472A0047C80B /* SRAvatarView.m in Sources */ = {isa = PBXBuildFile; fileRef = 722699142275472A0047C80B /* SRAvatarView.m */; };
		72269918227552230047C80B /* SRAvatar.m in Sources */ = {isa = PBXBuildFile; fileRef = 72269917227552230047C80B /* SRAvatar.m */; };
		7226991B227553E80047C80B /* SRInsetLabel.m in Sources */ = {isa = PBXBuildFile; fileRef = 7226991A227553E80047C80B /* SRInsetLabel.m */; };
		7226991E2275554F0047C80B /* SRMessageContainerView.m in Sources */ = {isa = PBXBuildFile; fileRef = 7226991D2275554F0047C80B /* SRMessageContainerView.m */; };
		7226992422758BC10047C80B /* SRMessageLabel.m in Sources */ = {isa = PBXBuildFile; fileRef = 7226992322758BC10047C80B /* SRMessageLabel.m */; };
		7226992722758D290047C80B /* SRDetectorType.m in Sources */ = {isa = PBXBuildFile; fileRef = 7226992622758D290047C80B /* SRDetectorType.m */; };
		7226992B227595590047C80B /* NSArray+SRExtensions.m in Sources */ = {isa = PBXBuildFile; fileRef = 7226992A227595590047C80B /* NSArray+SRExtensions.m */; };
		7226992E22768E840047C80B /* SRMessagesCollectionView.m in Sources */ = {isa = PBXBuildFile; fileRef = 7226992D22768E840047C80B /* SRMessagesCollectionView.m */; };
		722699312276932F0047C80B /* SRMessageReusableView.m in Sources */ = {isa = PBXBuildFile; fileRef = 722699302276932F0047C80B /* SRMessageReusableView.m */; };
		7226993422769DD60047C80B /* SRMediaMessageCell.m in Sources */ = {isa = PBXBuildFile; fileRef = 7226993322769DD60047C80B /* SRMediaMessageCell.m */; };
		722699372276C8460047C80B /* SRMessageKind.m in Sources */ = {isa = PBXBuildFile; fileRef = 722699362276C8460047C80B /* SRMessageKind.m */; };
		7226993A2276CAA10047C80B /* SRTextMessageCell.m in Sources */ = {isa = PBXBuildFile; fileRef = 722699392276CAA10047C80B /* SRTextMessageCell.m */; };
		7226993D2276DC440047C80B /* SRTextMessageSizeCalculator.m in Sources */ = {isa = PBXBuildFile; fileRef = 7226993C2276DC440047C80B /* SRTextMessageSizeCalculator.m */; };
		722699402276EB2E0047C80B /* SRMediaMessageSizeCalculator.m in Sources */ = {isa = PBXBuildFile; fileRef = 7226993F2276EB2E0047C80B /* SRMediaMessageSizeCalculator.m */; };
		722699442276FCC80047C80B /* SRMessageInputBar.m in Sources */ = {isa = PBXBuildFile; fileRef = 722699432276FCC80047C80B /* SRMessageInputBar.m */; };
		97BC240D22743C6500024FDE /* AppDelegate.m in Sources */ = {isa = PBXBuildFile; fileRef = 97BC240C22743C6500024FDE /* AppDelegate.m */; };
		97BC241022743C6500024FDE /* ViewController.m in Sources */ = {isa = PBXBuildFile; fileRef = 97BC240F22743C6500024FDE /* ViewController.m */; };
		97BC241322743C6500024FDE /* Main.storyboard in Resources */ = {isa = PBXBuildFile; fileRef = 97BC241122743C6500024FDE /* Main.storyboard */; };
		97BC241522743C6700024FDE /* Assets.xcassets in Resources */ = {isa = PBXBuildFile; fileRef = 97BC241422743C6700024FDE /* Assets.xcassets */; };
		97BC241822743C6700024FDE /* LaunchScreen.storyboard in Resources */ = {isa = PBXBuildFile; fileRef = 97BC241622743C6700024FDE /* LaunchScreen.storyboard */; };
		97BC241B22743C6700024FDE /* main.m in Sources */ = {isa = PBXBuildFile; fileRef = 97BC241A22743C6700024FDE /* main.m */; };
		97BC242322743C9100024FDE /* SRMessagesCollectionViewFlowLayout.m in Sources */ = {isa = PBXBuildFile; fileRef = 97BC242222743C9100024FDE /* SRMessagesCollectionViewFlowLayout.m */; };
		97BC242622743E8500024FDE /* SRMessagesCollectionViewLayoutAttributes.m in Sources */ = {isa = PBXBuildFile; fileRef = 97BC242522743E8500024FDE /* SRMessagesCollectionViewLayoutAttributes.m */; };
		97BC2429227481E400024FDE /* SRAvatarPosition.m in Sources */ = {isa = PBXBuildFile; fileRef = 97BC2428227481E400024FDE /* SRAvatarPosition.m */; };
		97BC242C2274855E00024FDE /* SRLabelAlignment.m in Sources */ = {isa = PBXBuildFile; fileRef = 97BC242B2274855E00024FDE /* SRLabelAlignment.m */; };
		97BC242F227487D200024FDE /* SRHorizontalEdgeInsets.m in Sources */ = {isa = PBXBuildFile; fileRef = 97BC242E227487D200024FDE /* SRHorizontalEdgeInsets.m */; };
		97BC24322274B08100024FDE /* SRCellSizeCalculator.m in Sources */ = {isa = PBXBuildFile; fileRef = 97BC24312274B08100024FDE /* SRCellSizeCalculator.m */; };
		97BC24352274B3F400024FDE /* SRMessageSizeCalculator.m in Sources */ = {isa = PBXBuildFile; fileRef = 97BC24342274B3F400024FDE /* SRMessageSizeCalculator.m */; };
		97BC243D2274BA0C00024FDE /* SRMessagesViewController.m in Sources */ = {isa = PBXBuildFile; fileRef = 97BC243C2274BA0C00024FDE /* SRMessagesViewController.m */; };
		97BC24402274BA3800024FDE /* SRMessagesViewController+Keyboard.m in Sources */ = {isa = PBXBuildFile; fileRef = 97BC243F2274BA3800024FDE /* SRMessagesViewController+Keyboard.m */; };
		97BC24432274BA4800024FDE /* SRMessagesViewController+Menu.m in Sources */ = {isa = PBXBuildFile; fileRef = 97BC24422274BA4800024FDE /* SRMessagesViewController+Menu.m */; };
		97BC24462274BA7200024FDE /* NSBundle+SRExtensions.m in Sources */ = {isa = PBXBuildFile; fileRef = 97BC24452274BA7200024FDE /* NSBundle+SRExtensions.m */; };
		97BC24492274BA8E00024FDE /* NSAttributedString+SRExtensions.m in Sources */ = {isa = PBXBuildFile; fileRef = 97BC24482274BA8E00024FDE /* NSAttributedString+SRExtensions.m */; };
		97BC244C2274BAA900024FDE /* UIColor+SRExtensions.m in Sources */ = {isa = PBXBuildFile; fileRef = 97BC244B2274BAA900024FDE /* UIColor+SRExtensions.m */; };
		97BC244F2274BAC400024FDE /* UIView+SRExtensions.m in Sources */ = {isa = PBXBuildFile; fileRef = 97BC244E2274BAC400024FDE /* UIView+SRExtensions.m */; };
		F15D6BCDFB7ABF337F21E6CC /* libPods-SRMessageKit.a in Frameworks */ = {isa = PBXBuildFile; fileRef = 0922B5E22ABED8FEEEDF84BF /* libPods-SRMessageKit.a */; };
/* End PBXBuildFile section */

/* Begin PBXFileReference section */
		0922B5E22ABED8FEEEDF84BF /* libPods-SRMessageKit.a */ = {isa = PBXFileReference; explicitFileType = archive.ar; includeInIndex = 0; path = "libPods-SRMessageKit.a"; sourceTree = BUILT_PRODUCTS_DIR; };
		722698F92275377D0047C80B /* SRMessageKitDateFormatter.h */ = {isa = PBXFileReference; lastKnownFileType = sourcecode.c.h; path = SRMessageKitDateFormatter.h; sourceTree = "<group>"; };
		722698FA2275377D0047C80B /* SRMessageKitDateFormatter.m */ = {isa = PBXFileReference; lastKnownFileType = sourcecode.c.objc; path = SRMessageKitDateFormatter.m; sourceTree = "<group>"; };
		722698FC22753B8C0047C80B /* SRMessageStyle.h */ = {isa = PBXFileReference; lastKnownFileType = sourcecode.c.h; path = SRMessageStyle.h; sourceTree = "<group>"; };
		722698FD22753B8C0047C80B /* SRMessageStyle.m */ = {isa = PBXFileReference; lastKnownFileType = sourcecode.c.objc; path = SRMessageStyle.m; sourceTree = "<group>"; };
		722698FF22753F490047C80B /* SRSender.h */ = {isa = PBXFileReference; lastKnownFileType = sourcecode.c.h; path = SRSender.h; sourceTree = "<group>"; };
		7226990022753F490047C80B /* SRSender.m */ = {isa = PBXFileReference; lastKnownFileType = sourcecode.c.objc; path = SRSender.m; sourceTree = "<group>"; };
		72269902227544CF0047C80B /* SRMessageType.h */ = {isa = PBXFileReference; lastKnownFileType = sourcecode.c.h; name = SRMessageType.h; path = SRMessageKit/Models/SRMessageType.h; sourceTree = SOURCE_ROOT; };
		72269903227544CF0047C80B /* SRMessageType.m */ = {isa = PBXFileReference; lastKnownFileType = sourcecode.c.objc; name = SRMessageType.m; path = SRMessageKit/Models/SRMessageType.m; sourceTree = SOURCE_ROOT; };
		72269905227545DF0047C80B /* SRMediaItem.h */ = {isa = PBXFileReference; lastKnownFileType = sourcecode.c.h; name = SRMediaItem.h; path = SRMessageKit/Models/SRMediaItem.h; sourceTree = SOURCE_ROOT; };
		72269906227545DF0047C80B /* SRMediaItem.m */ = {isa = PBXFileReference; lastKnownFileType = sourcecode.c.objc; name = SRMediaItem.m; path = SRMessageKit/Models/SRMediaItem.m; sourceTree = SOURCE_ROOT; };
		722699082275463D0047C80B /* SRLocationItem.h */ = {isa = PBXFileReference; lastKnownFileType = sourcecode.c.h; name = SRLocationItem.h; path = SRMessageKit/Models/SRLocationItem.h; sourceTree = SOURCE_ROOT; };
		722699092275463D0047C80B /* SRLocationItem.m */ = {isa = PBXFileReference; lastKnownFileType = sourcecode.c.objc; name = SRLocationItem.m; path = SRMessageKit/Models/SRLocationItem.m; sourceTree = SOURCE_ROOT; };
		7226990D227546CF0047C80B /* SRMessageCollectionViewCell.h */ = {isa = PBXFileReference; lastKnownFileType = sourcecode.c.h; path = SRMessageCollectionViewCell.h; sourceTree = "<group>"; };
		7226990E227546CF0047C80B /* SRMessageCollectionViewCell.m */ = {isa = PBXFileReference; lastKnownFileType = sourcecode.c.objc; path = SRMessageCollectionViewCell.m; sourceTree = "<group>"; };
		72269910227546FD0047C80B /* SRMessageContentCell.h */ = {isa = PBXFileReference; lastKnownFileType = sourcecode.c.h; path = SRMessageContentCell.h; sourceTree = "<group>"; };
		72269911227546FD0047C80B /* SRMessageContentCell.m */ = {isa = PBXFileReference; lastKnownFileType = sourcecode.c.objc; path = SRMessageContentCell.m; sourceTree = "<group>"; };
		722699132275472A0047C80B /* SRAvatarView.h */ = {isa = PBXFileReference; lastKnownFileType = sourcecode.c.h; path = SRAvatarView.h; sourceTree = "<group>"; };
		722699142275472A0047C80B /* SRAvatarView.m */ = {isa = PBXFileReference; lastKnownFileType = sourcecode.c.objc; path = SRAvatarView.m; sourceTree = "<group>"; };
		72269916227552230047C80B /* SRAvatar.h */ = {isa = PBXFileReference; lastKnownFileType = sourcecode.c.h; path = SRAvatar.h; sourceTree = "<group>"; };
		72269917227552230047C80B /* SRAvatar.m */ = {isa = PBXFileReference; lastKnownFileType = sourcecode.c.objc; path = SRAvatar.m; sourceTree = "<group>"; };
		72269919227553E80047C80B /* SRInsetLabel.h */ = {isa = PBXFileReference; lastKnownFileType = sourcecode.c.h; path = SRInsetLabel.h; sourceTree = "<group>"; };
		7226991A227553E80047C80B /* SRInsetLabel.m */ = {isa = PBXFileReference; lastKnownFileType = sourcecode.c.objc; path = SRInsetLabel.m; sourceTree = "<group>"; };
		7226991C2275554F0047C80B /* SRMessageContainerView.h */ = {isa = PBXFileReference; lastKnownFileType = sourcecode.c.h; path = SRMessageContainerView.h; sourceTree = "<group>"; };
		7226991D2275554F0047C80B /* SRMessageContainerView.m */ = {isa = PBXFileReference; lastKnownFileType = sourcecode.c.objc; path = SRMessageContainerView.m; sourceTree = "<group>"; };
		7226992222758BC10047C80B /* SRMessageLabel.h */ = {isa = PBXFileReference; lastKnownFileType = sourcecode.c.h; path = SRMessageLabel.h; sourceTree = "<group>"; };
		7226992322758BC10047C80B /* SRMessageLabel.m */ = {isa = PBXFileReference; lastKnownFileType = sourcecode.c.objc; path = SRMessageLabel.m; sourceTree = "<group>"; };
		7226992522758D290047C80B /* SRDetectorType.h */ = {isa = PBXFileReference; lastKnownFileType = sourcecode.c.h; path = SRDetectorType.h; sourceTree = "<group>"; };
		7226992622758D290047C80B /* SRDetectorType.m */ = {isa = PBXFileReference; lastKnownFileType = sourcecode.c.objc; path = SRDetectorType.m; sourceTree = "<group>"; };
		72269929227595590047C80B /* NSArray+SRExtensions.h */ = {isa = PBXFileReference; lastKnownFileType = sourcecode.c.h; path = "NSArray+SRExtensions.h"; sourceTree = "<group>"; };
		7226992A227595590047C80B /* NSArray+SRExtensions.m */ = {isa = PBXFileReference; lastKnownFileType = sourcecode.c.objc; path = "NSArray+SRExtensions.m"; sourceTree = "<group>"; };
		7226992C22768E840047C80B /* SRMessagesCollectionView.h */ = {isa = PBXFileReference; lastKnownFileType = sourcecode.c.h; path = SRMessagesCollectionView.h; sourceTree = "<group>"; };
		7226992D22768E840047C80B /* SRMessagesCollectionView.m */ = {isa = PBXFileReference; lastKnownFileType = sourcecode.c.objc; path = SRMessagesCollectionView.m; sourceTree = "<group>"; };
		7226992F2276932F0047C80B /* SRMessageReusableView.h */ = {isa = PBXFileReference; lastKnownFileType = sourcecode.c.h; path = SRMessageReusableView.h; sourceTree = "<group>"; };
		722699302276932F0047C80B /* SRMessageReusableView.m */ = {isa = PBXFileReference; lastKnownFileType = sourcecode.c.objc; path = SRMessageReusableView.m; sourceTree = "<group>"; };
		7226993222769DD60047C80B /* SRMediaMessageCell.h */ = {isa = PBXFileReference; lastKnownFileType = sourcecode.c.h; path = SRMediaMessageCell.h; sourceTree = "<group>"; };
		7226993322769DD60047C80B /* SRMediaMessageCell.m */ = {isa = PBXFileReference; lastKnownFileType = sourcecode.c.objc; path = SRMediaMessageCell.m; sourceTree = "<group>"; };
		722699352276C8460047C80B /* SRMessageKind.h */ = {isa = PBXFileReference; lastKnownFileType = sourcecode.c.h; path = SRMessageKind.h; sourceTree = "<group>"; };
		722699362276C8460047C80B /* SRMessageKind.m */ = {isa = PBXFileReference; lastKnownFileType = sourcecode.c.objc; path = SRMessageKind.m; sourceTree = "<group>"; };
		722699382276CAA10047C80B /* SRTextMessageCell.h */ = {isa = PBXFileReference; lastKnownFileType = sourcecode.c.h; path = SRTextMessageCell.h; sourceTree = "<group>"; };
		722699392276CAA10047C80B /* SRTextMessageCell.m */ = {isa = PBXFileReference; lastKnownFileType = sourcecode.c.objc; path = SRTextMessageCell.m; sourceTree = "<group>"; };
		7226993B2276DC440047C80B /* SRTextMessageSizeCalculator.h */ = {isa = PBXFileReference; lastKnownFileType = sourcecode.c.h; path = SRTextMessageSizeCalculator.h; sourceTree = "<group>"; };
		7226993C2276DC440047C80B /* SRTextMessageSizeCalculator.m */ = {isa = PBXFileReference; lastKnownFileType = sourcecode.c.objc; path = SRTextMessageSizeCalculator.m; sourceTree = "<group>"; };
		7226993E2276EB2E0047C80B /* SRMediaMessageSizeCalculator.h */ = {isa = PBXFileReference; lastKnownFileType = sourcecode.c.h; path = SRMediaMessageSizeCalculator.h; sourceTree = "<group>"; };
		7226993F2276EB2E0047C80B /* SRMediaMessageSizeCalculator.m */ = {isa = PBXFileReference; lastKnownFileType = sourcecode.c.objc; path = SRMediaMessageSizeCalculator.m; sourceTree = "<group>"; };
		722699422276FCC80047C80B /* SRMessageInputBar.h */ = {isa = PBXFileReference; lastKnownFileType = sourcecode.c.h; path = SRMessageInputBar.h; sourceTree = "<group>"; };
		722699432276FCC80047C80B /* SRMessageInputBar.m */ = {isa = PBXFileReference; lastKnownFileType = sourcecode.c.objc; path = SRMessageInputBar.m; sourceTree = "<group>"; };
		7F79CA9C3BD58032F78C30CB /* Pods-SRMessageKit.debug.xcconfig */ = {isa = PBXFileReference; includeInIndex = 1; lastKnownFileType = text.xcconfig; name = "Pods-SRMessageKit.debug.xcconfig"; path = "Target Support Files/Pods-SRMessageKit/Pods-SRMessageKit.debug.xcconfig"; sourceTree = "<group>"; };
		97BC240822743C6500024FDE /* SRMessageKit.app */ = {isa = PBXFileReference; explicitFileType = wrapper.application; includeInIndex = 0; path = SRMessageKit.app; sourceTree = BUILT_PRODUCTS_DIR; };
		97BC240B22743C6500024FDE /* AppDelegate.h */ = {isa = PBXFileReference; lastKnownFileType = sourcecode.c.h; path = AppDelegate.h; sourceTree = "<group>"; };
		97BC240C22743C6500024FDE /* AppDelegate.m */ = {isa = PBXFileReference; lastKnownFileType = sourcecode.c.objc; path = AppDelegate.m; sourceTree = "<group>"; };
		97BC240E22743C6500024FDE /* ViewController.h */ = {isa = PBXFileReference; lastKnownFileType = sourcecode.c.h; path = ViewController.h; sourceTree = "<group>"; };
		97BC240F22743C6500024FDE /* ViewController.m */ = {isa = PBXFileReference; lastKnownFileType = sourcecode.c.objc; path = ViewController.m; sourceTree = "<group>"; };
		97BC241222743C6500024FDE /* Base */ = {isa = PBXFileReference; lastKnownFileType = file.storyboard; name = Base; path = Base.lproj/Main.storyboard; sourceTree = "<group>"; };
		97BC241422743C6700024FDE /* Assets.xcassets */ = {isa = PBXFileReference; lastKnownFileType = folder.assetcatalog; path = Assets.xcassets; sourceTree = "<group>"; };
		97BC241722743C6700024FDE /* Base */ = {isa = PBXFileReference; lastKnownFileType = file.storyboard; name = Base; path = Base.lproj/LaunchScreen.storyboard; sourceTree = "<group>"; };
		97BC241922743C6700024FDE /* Info.plist */ = {isa = PBXFileReference; lastKnownFileType = text.plist.xml; path = Info.plist; sourceTree = "<group>"; };
		97BC241A22743C6700024FDE /* main.m */ = {isa = PBXFileReference; lastKnownFileType = sourcecode.c.objc; path = main.m; sourceTree = "<group>"; };
		97BC242122743C9100024FDE /* SRMessagesCollectionViewFlowLayout.h */ = {isa = PBXFileReference; lastKnownFileType = sourcecode.c.h; path = SRMessagesCollectionViewFlowLayout.h; sourceTree = "<group>"; };
		97BC242222743C9100024FDE /* SRMessagesCollectionViewFlowLayout.m */ = {isa = PBXFileReference; lastKnownFileType = sourcecode.c.objc; path = SRMessagesCollectionViewFlowLayout.m; sourceTree = "<group>"; };
		97BC242422743E8500024FDE /* SRMessagesCollectionViewLayoutAttributes.h */ = {isa = PBXFileReference; lastKnownFileType = sourcecode.c.h; path = SRMessagesCollectionViewLayoutAttributes.h; sourceTree = "<group>"; };
		97BC242522743E8500024FDE /* SRMessagesCollectionViewLayoutAttributes.m */ = {isa = PBXFileReference; lastKnownFileType = sourcecode.c.objc; path = SRMessagesCollectionViewLayoutAttributes.m; sourceTree = "<group>"; };
		97BC2427227481E400024FDE /* SRAvatarPosition.h */ = {isa = PBXFileReference; lastKnownFileType = sourcecode.c.h; path = SRAvatarPosition.h; sourceTree = "<group>"; };
		97BC2428227481E400024FDE /* SRAvatarPosition.m */ = {isa = PBXFileReference; lastKnownFileType = sourcecode.c.objc; path = SRAvatarPosition.m; sourceTree = "<group>"; };
		97BC242A2274855E00024FDE /* SRLabelAlignment.h */ = {isa = PBXFileReference; lastKnownFileType = sourcecode.c.h; path = SRLabelAlignment.h; sourceTree = "<group>"; };
		97BC242B2274855E00024FDE /* SRLabelAlignment.m */ = {isa = PBXFileReference; lastKnownFileType = sourcecode.c.objc; path = SRLabelAlignment.m; sourceTree = "<group>"; };
		97BC242D227487D200024FDE /* SRHorizontalEdgeInsets.h */ = {isa = PBXFileReference; lastKnownFileType = sourcecode.c.h; path = SRHorizontalEdgeInsets.h; sourceTree = "<group>"; };
		97BC242E227487D200024FDE /* SRHorizontalEdgeInsets.m */ = {isa = PBXFileReference; lastKnownFileType = sourcecode.c.objc; path = SRHorizontalEdgeInsets.m; sourceTree = "<group>"; };
		97BC24302274B08100024FDE /* SRCellSizeCalculator.h */ = {isa = PBXFileReference; lastKnownFileType = sourcecode.c.h; path = SRCellSizeCalculator.h; sourceTree = "<group>"; };
		97BC24312274B08100024FDE /* SRCellSizeCalculator.m */ = {isa = PBXFileReference; lastKnownFileType = sourcecode.c.objc; path = SRCellSizeCalculator.m; sourceTree = "<group>"; };
		97BC24332274B3F400024FDE /* SRMessageSizeCalculator.h */ = {isa = PBXFileReference; lastKnownFileType = sourcecode.c.h; path = SRMessageSizeCalculator.h; sourceTree = "<group>"; };
		97BC24342274B3F400024FDE /* SRMessageSizeCalculator.m */ = {isa = PBXFileReference; lastKnownFileType = sourcecode.c.objc; path = SRMessageSizeCalculator.m; sourceTree = "<group>"; };
		97BC243B2274BA0C00024FDE /* SRMessagesViewController.h */ = {isa = PBXFileReference; lastKnownFileType = sourcecode.c.h; path = SRMessagesViewController.h; sourceTree = "<group>"; };
		97BC243C2274BA0C00024FDE /* SRMessagesViewController.m */ = {isa = PBXFileReference; lastKnownFileType = sourcecode.c.objc; path = SRMessagesViewController.m; sourceTree = "<group>"; };
		97BC243E2274BA3800024FDE /* SRMessagesViewController+Keyboard.h */ = {isa = PBXFileReference; lastKnownFileType = sourcecode.c.h; path = "SRMessagesViewController+Keyboard.h"; sourceTree = "<group>"; };
		97BC243F2274BA3800024FDE /* SRMessagesViewController+Keyboard.m */ = {isa = PBXFileReference; lastKnownFileType = sourcecode.c.objc; path = "SRMessagesViewController+Keyboard.m"; sourceTree = "<group>"; };
		97BC24412274BA4800024FDE /* SRMessagesViewController+Menu.h */ = {isa = PBXFileReference; lastKnownFileType = sourcecode.c.h; path = "SRMessagesViewController+Menu.h"; sourceTree = "<group>"; };
		97BC24422274BA4800024FDE /* SRMessagesViewController+Menu.m */ = {isa = PBXFileReference; lastKnownFileType = sourcecode.c.objc; path = "SRMessagesViewController+Menu.m"; sourceTree = "<group>"; };
		97BC24442274BA7200024FDE /* NSBundle+SRExtensions.h */ = {isa = PBXFileReference; lastKnownFileType = sourcecode.c.h; path = "NSBundle+SRExtensions.h"; sourceTree = "<group>"; };
		97BC24452274BA7200024FDE /* NSBundle+SRExtensions.m */ = {isa = PBXFileReference; lastKnownFileType = sourcecode.c.objc; path = "NSBundle+SRExtensions.m"; sourceTree = "<group>"; };
		97BC24472274BA8E00024FDE /* NSAttributedString+SRExtensions.h */ = {isa = PBXFileReference; lastKnownFileType = sourcecode.c.h; path = "NSAttributedString+SRExtensions.h"; sourceTree = "<group>"; };
		97BC24482274BA8E00024FDE /* NSAttributedString+SRExtensions.m */ = {isa = PBXFileReference; lastKnownFileType = sourcecode.c.objc; path = "NSAttributedString+SRExtensions.m"; sourceTree = "<group>"; };
		97BC244A2274BAA900024FDE /* UIColor+SRExtensions.h */ = {isa = PBXFileReference; lastKnownFileType = sourcecode.c.h; path = "UIColor+SRExtensions.h"; sourceTree = "<group>"; };
		97BC244B2274BAA900024FDE /* UIColor+SRExtensions.m */ = {isa = PBXFileReference; lastKnownFileType = sourcecode.c.objc; path = "UIColor+SRExtensions.m"; sourceTree = "<group>"; };
		97BC244D2274BAC400024FDE /* UIView+SRExtensions.h */ = {isa = PBXFileReference; lastKnownFileType = sourcecode.c.h; path = "UIView+SRExtensions.h"; sourceTree = "<group>"; };
		97BC244E2274BAC400024FDE /* UIView+SRExtensions.m */ = {isa = PBXFileReference; lastKnownFileType = sourcecode.c.objc; path = "UIView+SRExtensions.m"; sourceTree = "<group>"; };
		FE65E7F31ACC9A5CA95127BB /* Pods-SRMessageKit.release.xcconfig */ = {isa = PBXFileReference; includeInIndex = 1; lastKnownFileType = text.xcconfig; name = "Pods-SRMessageKit.release.xcconfig"; path = "Target Support Files/Pods-SRMessageKit/Pods-SRMessageKit.release.xcconfig"; sourceTree = "<group>"; };
/* End PBXFileReference section */

/* Begin PBXFrameworksBuildPhase section */
		97BC240522743C6500024FDE /* Frameworks */ = {
			isa = PBXFrameworksBuildPhase;
			buildActionMask = 2147483647;
			files = (
				F15D6BCDFB7ABF337F21E6CC /* libPods-SRMessageKit.a in Frameworks */,
			);
			runOnlyForDeploymentPostprocessing = 0;
		};
/* End PBXFrameworksBuildPhase section */

/* Begin PBXGroup section */
		7226990B227546AD0047C80B /* Views */ = {
			isa = PBXGroup;
			children = (
				7226990C227546B70047C80B /* Cells */,
				722699132275472A0047C80B /* SRAvatarView.h */,
				722699142275472A0047C80B /* SRAvatarView.m */,
				72269919227553E80047C80B /* SRInsetLabel.h */,
				7226991A227553E80047C80B /* SRInsetLabel.m */,
				7226991C2275554F0047C80B /* SRMessageContainerView.h */,
				7226991D2275554F0047C80B /* SRMessageContainerView.m */,
				7226992222758BC10047C80B /* SRMessageLabel.h */,
				7226992322758BC10047C80B /* SRMessageLabel.m */,
				7226992C22768E840047C80B /* SRMessagesCollectionView.h */,
				7226992D22768E840047C80B /* SRMessagesCollectionView.m */,
				7226992F2276932F0047C80B /* SRMessageReusableView.h */,
				722699302276932F0047C80B /* SRMessageReusableView.m */,
			);
			path = Views;
			sourceTree = "<group>";
		};
		7226990C227546B70047C80B /* Cells */ = {
			isa = PBXGroup;
			children = (
				7226990D227546CF0047C80B /* SRMessageCollectionViewCell.h */,
				7226990E227546CF0047C80B /* SRMessageCollectionViewCell.m */,
				72269910227546FD0047C80B /* SRMessageContentCell.h */,
				72269911227546FD0047C80B /* SRMessageContentCell.m */,
				7226993222769DD60047C80B /* SRMediaMessageCell.h */,
				7226993322769DD60047C80B /* SRMediaMessageCell.m */,
				722699382276CAA10047C80B /* SRTextMessageCell.h */,
				722699392276CAA10047C80B /* SRTextMessageCell.m */,
			);
			path = Cells;
			sourceTree = "<group>";
		};
		722699412276FCA00047C80B /* InputBar */ = {
			isa = PBXGroup;
			children = (
				722699422276FCC80047C80B /* SRMessageInputBar.h */,
				722699432276FCC80047C80B /* SRMessageInputBar.m */,
			);
			path = InputBar;
			sourceTree = "<group>";
		};
		730B7690D0CF0F0E77AB33A6 /* Pods */ = {
			isa = PBXGroup;
			children = (
				7F79CA9C3BD58032F78C30CB /* Pods-SRMessageKit.debug.xcconfig */,
				FE65E7F31ACC9A5CA95127BB /* Pods-SRMessageKit.release.xcconfig */,
			);
			path = Pods;
			sourceTree = "<group>";
		};
		89021F3CBE38DA7709D60765 /* Frameworks */ = {
			isa = PBXGroup;
			children = (
				0922B5E22ABED8FEEEDF84BF /* libPods-SRMessageKit.a */,
			);
			name = Frameworks;
			sourceTree = "<group>";
		};
		97BC23FF22743C6500024FDE = {
			isa = PBXGroup;
			children = (
				97BC240A22743C6500024FDE /* SRMessageKit */,
				97BC240922743C6500024FDE /* Products */,
				730B7690D0CF0F0E77AB33A6 /* Pods */,
				89021F3CBE38DA7709D60765 /* Frameworks */,
			);
			sourceTree = "<group>";
		};
		97BC240922743C6500024FDE /* Products */ = {
			isa = PBXGroup;
			children = (
				97BC240822743C6500024FDE /* SRMessageKit.app */,
			);
			name = Products;
			sourceTree = "<group>";
		};
		97BC240A22743C6500024FDE /* SRMessageKit */ = {
			isa = PBXGroup;
			children = (
				722699412276FCA00047C80B /* InputBar */,
				7226990B227546AD0047C80B /* Views */,
				97BC24392274B99A00024FDE /* Controllers */,
				97BC24382274B99200024FDE /* Extensions */,
				97BC24362274B90900024FDE /* Layout */,
				97BC24372274B93500024FDE /* Models */,
				97BC243A2274B9B000024FDE /* Protocols */,
				97BC240B22743C6500024FDE /* AppDelegate.h */,
				97BC240C22743C6500024FDE /* AppDelegate.m */,
				97BC240E22743C6500024FDE /* ViewController.h */,
				97BC240F22743C6500024FDE /* ViewController.m */,
				97BC241122743C6500024FDE /* Main.storyboard */,
				97BC241422743C6700024FDE /* Assets.xcassets */,
				97BC241622743C6700024FDE /* LaunchScreen.storyboard */,
				97BC241922743C6700024FDE /* Info.plist */,
				97BC241A22743C6700024FDE /* main.m */,
			);
			path = SRMessageKit;
			sourceTree = "<group>";
		};
		97BC24362274B90900024FDE /* Layout */ = {
			isa = PBXGroup;
			children = (
				97BC242122743C9100024FDE /* SRMessagesCollectionViewFlowLayout.h */,
				97BC242222743C9100024FDE /* SRMessagesCollectionViewFlowLayout.m */,
				97BC242422743E8500024FDE /* SRMessagesCollectionViewLayoutAttributes.h */,
				97BC242522743E8500024FDE /* SRMessagesCollectionViewLayoutAttributes.m */,
				97BC24302274B08100024FDE /* SRCellSizeCalculator.h */,
				97BC24312274B08100024FDE /* SRCellSizeCalculator.m */,
				97BC24332274B3F400024FDE /* SRMessageSizeCalculator.h */,
				97BC24342274B3F400024FDE /* SRMessageSizeCalculator.m */,
				7226993B2276DC440047C80B /* SRTextMessageSizeCalculator.h */,
				7226993C2276DC440047C80B /* SRTextMessageSizeCalculator.m */,
				7226993E2276EB2E0047C80B /* SRMediaMessageSizeCalculator.h */,
				7226993F2276EB2E0047C80B /* SRMediaMessageSizeCalculator.m */,
			);
			path = Layout;
			sourceTree = "<group>";
		};
		97BC24372274B93500024FDE /* Models */ = {
			isa = PBXGroup;
			children = (
				97BC2427227481E400024FDE /* SRAvatarPosition.h */,
				97BC2428227481E400024FDE /* SRAvatarPosition.m */,
				97BC242A2274855E00024FDE /* SRLabelAlignment.h */,
				97BC242B2274855E00024FDE /* SRLabelAlignment.m */,
				97BC242D227487D200024FDE /* SRHorizontalEdgeInsets.h */,
				97BC242E227487D200024FDE /* SRHorizontalEdgeInsets.m */,
				722698F92275377D0047C80B /* SRMessageKitDateFormatter.h */,
				722698FA2275377D0047C80B /* SRMessageKitDateFormatter.m */,
				722698FC22753B8C0047C80B /* SRMessageStyle.h */,
				722698FD22753B8C0047C80B /* SRMessageStyle.m */,
				722698FF22753F490047C80B /* SRSender.h */,
				7226990022753F490047C80B /* SRSender.m */,
				72269916227552230047C80B /* SRAvatar.h */,
				72269917227552230047C80B /* SRAvatar.m */,
				7226992522758D290047C80B /* SRDetectorType.h */,
				7226992622758D290047C80B /* SRDetectorType.m */,
				722699352276C8460047C80B /* SRMessageKind.h */,
				722699362276C8460047C80B /* SRMessageKind.m */,
			);
			path = Models;
			sourceTree = "<group>";
		};
		97BC24382274B99200024FDE /* Extensions */ = {
			isa = PBXGroup;
			children = (
				97BC24442274BA7200024FDE /* NSBundle+SRExtensions.h */,
				97BC24452274BA7200024FDE /* NSBundle+SRExtensions.m */,
				97BC24472274BA8E00024FDE /* NSAttributedString+SRExtensions.h */,
				97BC24482274BA8E00024FDE /* NSAttributedString+SRExtensions.m */,
				97BC244A2274BAA900024FDE /* UIColor+SRExtensions.h */,
				97BC244B2274BAA900024FDE /* UIColor+SRExtensions.m */,
				97BC244D2274BAC400024FDE /* UIView+SRExtensions.h */,
				97BC244E2274BAC400024FDE /* UIView+SRExtensions.m */,
				72269929227595590047C80B /* NSArray+SRExtensions.h */,
				7226992A227595590047C80B /* NSArray+SRExtensions.m */,
			);
			path = Extensions;
			sourceTree = "<group>";
		};
		97BC24392274B99A00024FDE /* Controllers */ = {
			isa = PBXGroup;
			children = (
				97BC243B2274BA0C00024FDE /* SRMessagesViewController.h */,
				97BC243C2274BA0C00024FDE /* SRMessagesViewController.m */,
				97BC243E2274BA3800024FDE /* SRMessagesViewController+Keyboard.h */,
				97BC243F2274BA3800024FDE /* SRMessagesViewController+Keyboard.m */,
				97BC24412274BA4800024FDE /* SRMessagesViewController+Menu.h */,
				97BC24422274BA4800024FDE /* SRMessagesViewController+Menu.m */,
			);
			path = Controllers;
			sourceTree = "<group>";
		};
		97BC243A2274B9B000024FDE /* Protocols */ = {
			isa = PBXGroup;
			children = (
				72269902227544CF0047C80B /* SRMessageType.h */,
				72269903227544CF0047C80B /* SRMessageType.m */,
				72269905227545DF0047C80B /* SRMediaItem.h */,
				72269906227545DF0047C80B /* SRMediaItem.m */,
				722699082275463D0047C80B /* SRLocationItem.h */,
				722699092275463D0047C80B /* SRLocationItem.m */,
			);
			path = Protocols;
			sourceTree = "<group>";
		};
/* End PBXGroup section */

/* Begin PBXNativeTarget section */
		97BC240722743C6500024FDE /* SRMessageKit */ = {
			isa = PBXNativeTarget;
			buildConfigurationList = 97BC241E22743C6700024FDE /* Build configuration list for PBXNativeTarget "SRMessageKit" */;
			buildPhases = (
				F72DB36D9A8DCAF4AA944420 /* [CP] Check Pods Manifest.lock */,
				97BC240422743C6500024FDE /* Sources */,
				97BC240522743C6500024FDE /* Frameworks */,
				97BC240622743C6500024FDE /* Resources */,
			);
			buildRules = (
			);
			dependencies = (
			);
			name = SRMessageKit;
			productName = SRMessageKit;
			productReference = 97BC240822743C6500024FDE /* SRMessageKit.app */;
			productType = "com.apple.product-type.application";
		};
/* End PBXNativeTarget section */

/* Begin PBXProject section */
		97BC240022743C6500024FDE /* Project object */ = {
			isa = PBXProject;
			attributes = {
				LastUpgradeCheck = 1020;
				ORGANIZATIONNAME = zhangyangwei.com;
				TargetAttributes = {
					97BC240722743C6500024FDE = {
						CreatedOnToolsVersion = 10.2.1;
					};
				};
			};
			buildConfigurationList = 97BC240322743C6500024FDE /* Build configuration list for PBXProject "SRMessageKit" */;
			compatibilityVersion = "Xcode 9.3";
			developmentRegion = en;
			hasScannedForEncodings = 0;
			knownRegions = (
				en,
				Base,
			);
			mainGroup = 97BC23FF22743C6500024FDE;
			productRefGroup = 97BC240922743C6500024FDE /* Products */;
			projectDirPath = "";
			projectRoot = "";
			targets = (
				97BC240722743C6500024FDE /* SRMessageKit */,
			);
		};
/* End PBXProject section */

/* Begin PBXResourcesBuildPhase section */
		97BC240622743C6500024FDE /* Resources */ = {
			isa = PBXResourcesBuildPhase;
			buildActionMask = 2147483647;
			files = (
				97BC241822743C6700024FDE /* LaunchScreen.storyboard in Resources */,
				97BC241522743C6700024FDE /* Assets.xcassets in Resources */,
				97BC241322743C6500024FDE /* Main.storyboard in Resources */,
			);
			runOnlyForDeploymentPostprocessing = 0;
		};
/* End PBXResourcesBuildPhase section */

/* Begin PBXShellScriptBuildPhase section */
		F72DB36D9A8DCAF4AA944420 /* [CP] Check Pods Manifest.lock */ = {
			isa = PBXShellScriptBuildPhase;
			buildActionMask = 2147483647;
			files = (
			);
			inputFileListPaths = (
			);
			inputPaths = (
				"${PODS_PODFILE_DIR_PATH}/Podfile.lock",
				"${PODS_ROOT}/Manifest.lock",
			);
			name = "[CP] Check Pods Manifest.lock";
			outputFileListPaths = (
			);
			outputPaths = (
				"$(DERIVED_FILE_DIR)/Pods-SRMessageKit-checkManifestLockResult.txt",
			);
			runOnlyForDeploymentPostprocessing = 0;
			shellPath = /bin/sh;
			shellScript = "diff \"${PODS_PODFILE_DIR_PATH}/Podfile.lock\" \"${PODS_ROOT}/Manifest.lock\" > /dev/null\nif [ $? != 0 ] ; then\n    # print error to STDERR\n    echo \"error: The sandbox is not in sync with the Podfile.lock. Run 'pod install' or update your CocoaPods installation.\" >&2\n    exit 1\nfi\n# This output is used by Xcode 'outputs' to avoid re-running this script phase.\necho \"SUCCESS\" > \"${SCRIPT_OUTPUT_FILE_0}\"\n";
			showEnvVarsInLog = 0;
		};
/* End PBXShellScriptBuildPhase section */

/* Begin PBXSourcesBuildPhase section */
		97BC240422743C6500024FDE /* Sources */ = {
			isa = PBXSourcesBuildPhase;
			buildActionMask = 2147483647;
			files = (
				722698FE22753B8C0047C80B /* SRMessageStyle.m in Sources */,
				7226991E2275554F0047C80B /* SRMessageContainerView.m in Sources */,
				97BC241022743C6500024FDE /* ViewController.m in Sources */,
				97BC24322274B08100024FDE /* SRCellSizeCalculator.m in Sources */,
				7226992722758D290047C80B /* SRDetectorType.m in Sources */,
				97BC242C2274855E00024FDE /* SRLabelAlignment.m in Sources */,
				722699372276C8460047C80B /* SRMessageKind.m in Sources */,
				97BC24352274B3F400024FDE /* SRMessageSizeCalculator.m in Sources */,
				722698FB2275377D0047C80B /* SRMessageKitDateFormatter.m in Sources */,
				72269918227552230047C80B /* SRAvatar.m in Sources */,
				7226993D2276DC440047C80B /* SRTextMessageSizeCalculator.m in Sources */,
				97BC243D2274BA0C00024FDE /* SRMessagesViewController.m in Sources */,
				97BC242322743C9100024FDE /* SRMessagesCollectionViewFlowLayout.m in Sources */,
				97BC24492274BA8E00024FDE /* NSAttributedString+SRExtensions.m in Sources */,
				72269904227544CF0047C80B /* SRMessageType.m in Sources */,
				7226993A2276CAA10047C80B /* SRTextMessageCell.m in Sources */,
				7226990A2275463D0047C80B /* SRLocationItem.m in Sources */,
				722699402276EB2E0047C80B /* SRMediaMessageSizeCalculator.m in Sources */,
				97BC24432274BA4800024FDE /* SRMessagesViewController+Menu.m in Sources */,
				722699152275472A0047C80B /* SRAvatarView.m in Sources */,
				97BC24462274BA7200024FDE /* NSBundle+SRExtensions.m in Sources */,
				7226992B227595590047C80B /* NSArray+SRExtensions.m in Sources */,
				97BC24402274BA3800024FDE /* SRMessagesViewController+Keyboard.m in Sources */,
				7226993422769DD60047C80B /* SRMediaMessageCell.m in Sources */,
				97BC241B22743C6700024FDE /* main.m in Sources */,
				97BC242622743E8500024FDE /* SRMessagesCollectionViewLayoutAttributes.m in Sources */,
				97BC242F227487D200024FDE /* SRHorizontalEdgeInsets.m in Sources */,
				7226990F227546CF0047C80B /* SRMessageCollectionViewCell.m in Sources */,
				7226990122753F490047C80B /* SRSender.m in Sources */,
				722699442276FCC80047C80B /* SRMessageInputBar.m in Sources */,
				72269912227546FD0047C80B /* SRMessageContentCell.m in Sources */,
				97BC2429227481E400024FDE /* SRAvatarPosition.m in Sources */,
				97BC244C2274BAA900024FDE /* UIColor+SRExtensions.m in Sources */,
				7226992422758BC10047C80B /* SRMessageLabel.m in Sources */,
				722699312276932F0047C80B /* SRMessageReusableView.m in Sources */,
				7226992E22768E840047C80B /* SRMessagesCollectionView.m in Sources */,
				97BC240D22743C6500024FDE /* AppDelegate.m in Sources */,
				7226991B227553E80047C80B /* SRInsetLabel.m in Sources */,
				72269907227545DF0047C80B /* SRMediaItem.m in Sources */,
				97BC244F2274BAC400024FDE /* UIView+SRExtensions.m in Sources */,
			);
			runOnlyForDeploymentPostprocessing = 0;
		};
/* End PBXSourcesBuildPhase section */

/* Begin PBXVariantGroup section */
		97BC241122743C6500024FDE /* Main.storyboard */ = {
			isa = PBXVariantGroup;
			children = (
				97BC241222743C6500024FDE /* Base */,
			);
			name = Main.storyboard;
			sourceTree = "<group>";
		};
		97BC241622743C6700024FDE /* LaunchScreen.storyboard */ = {
			isa = PBXVariantGroup;
			children = (
				97BC241722743C6700024FDE /* Base */,
			);
			name = LaunchScreen.storyboard;
			sourceTree = "<group>";
		};
/* End PBXVariantGroup section */

/* Begin XCBuildConfiguration section */
		97BC241C22743C6700024FDE /* Debug */ = {
			isa = XCBuildConfiguration;
			buildSettings = {
				ALWAYS_SEARCH_USER_PATHS = NO;
				CLANG_ANALYZER_NONNULL = YES;
				CLANG_ANALYZER_NUMBER_OBJECT_CONVERSION = YES_AGGRESSIVE;
				CLANG_CXX_LANGUAGE_STANDARD = "gnu++14";
				CLANG_CXX_LIBRARY = "libc++";
				CLANG_ENABLE_MODULES = YES;
				CLANG_ENABLE_OBJC_ARC = YES;
				CLANG_ENABLE_OBJC_WEAK = YES;
				CLANG_WARN_BLOCK_CAPTURE_AUTORELEASING = YES;
				CLANG_WARN_BOOL_CONVERSION = YES;
				CLANG_WARN_COMMA = YES;
				CLANG_WARN_CONSTANT_CONVERSION = YES;
				CLANG_WARN_DEPRECATED_OBJC_IMPLEMENTATIONS = YES;
				CLANG_WARN_DIRECT_OBJC_ISA_USAGE = YES_ERROR;
				CLANG_WARN_DOCUMENTATION_COMMENTS = YES;
				CLANG_WARN_EMPTY_BODY = YES;
				CLANG_WARN_ENUM_CONVERSION = YES;
				CLANG_WARN_INFINITE_RECURSION = YES;
				CLANG_WARN_INT_CONVERSION = YES;
				CLANG_WARN_NON_LITERAL_NULL_CONVERSION = YES;
				CLANG_WARN_OBJC_IMPLICIT_RETAIN_SELF = YES;
				CLANG_WARN_OBJC_LITERAL_CONVERSION = YES;
				CLANG_WARN_OBJC_ROOT_CLASS = YES_ERROR;
				CLANG_WARN_RANGE_LOOP_ANALYSIS = YES;
				CLANG_WARN_STRICT_PROTOTYPES = YES;
				CLANG_WARN_SUSPICIOUS_MOVE = YES;
				CLANG_WARN_UNGUARDED_AVAILABILITY = YES_AGGRESSIVE;
				CLANG_WARN_UNREACHABLE_CODE = YES;
				CLANG_WARN__DUPLICATE_METHOD_MATCH = YES;
				CODE_SIGN_IDENTITY = "iPhone Developer";
				COPY_PHASE_STRIP = NO;
				DEBUG_INFORMATION_FORMAT = dwarf;
				ENABLE_STRICT_OBJC_MSGSEND = YES;
				ENABLE_TESTABILITY = YES;
				GCC_C_LANGUAGE_STANDARD = gnu11;
				GCC_DYNAMIC_NO_PIC = NO;
				GCC_NO_COMMON_BLOCKS = YES;
				GCC_OPTIMIZATION_LEVEL = 0;
				GCC_PREPROCESSOR_DEFINITIONS = (
					"DEBUG=1",
					"$(inherited)",
				);
				GCC_WARN_64_TO_32_BIT_CONVERSION = YES;
				GCC_WARN_ABOUT_RETURN_TYPE = YES_ERROR;
				GCC_WARN_UNDECLARED_SELECTOR = YES;
				GCC_WARN_UNINITIALIZED_AUTOS = YES_AGGRESSIVE;
				GCC_WARN_UNUSED_FUNCTION = YES;
				GCC_WARN_UNUSED_VARIABLE = YES;
				IPHONEOS_DEPLOYMENT_TARGET = 12.2;
				MTL_ENABLE_DEBUG_INFO = INCLUDE_SOURCE;
				MTL_FAST_MATH = YES;
				ONLY_ACTIVE_ARCH = YES;
				SDKROOT = iphoneos;
			};
			name = Debug;
		};
		97BC241D22743C6700024FDE /* Release */ = {
			isa = XCBuildConfiguration;
			buildSettings = {
				ALWAYS_SEARCH_USER_PATHS = NO;
				CLANG_ANALYZER_NONNULL = YES;
				CLANG_ANALYZER_NUMBER_OBJECT_CONVERSION = YES_AGGRESSIVE;
				CLANG_CXX_LANGUAGE_STANDARD = "gnu++14";
				CLANG_CXX_LIBRARY = "libc++";
				CLANG_ENABLE_MODULES = YES;
				CLANG_ENABLE_OBJC_ARC = YES;
				CLANG_ENABLE_OBJC_WEAK = YES;
				CLANG_WARN_BLOCK_CAPTURE_AUTORELEASING = YES;
				CLANG_WARN_BOOL_CONVERSION = YES;
				CLANG_WARN_COMMA = YES;
				CLANG_WARN_CONSTANT_CONVERSION = YES;
				CLANG_WARN_DEPRECATED_OBJC_IMPLEMENTATIONS = YES;
				CLANG_WARN_DIRECT_OBJC_ISA_USAGE = YES_ERROR;
				CLANG_WARN_DOCUMENTATION_COMMENTS = YES;
				CLANG_WARN_EMPTY_BODY = YES;
				CLANG_WARN_ENUM_CONVERSION = YES;
				CLANG_WARN_INFINITE_RECURSION = YES;
				CLANG_WARN_INT_CONVERSION = YES;
				CLANG_WARN_NON_LITERAL_NULL_CONVERSION = YES;
				CLANG_WARN_OBJC_IMPLICIT_RETAIN_SELF = YES;
				CLANG_WARN_OBJC_LITERAL_CONVERSION = YES;
				CLANG_WARN_OBJC_ROOT_CLASS = YES_ERROR;
				CLANG_WARN_RANGE_LOOP_ANALYSIS = YES;
				CLANG_WARN_STRICT_PROTOTYPES = YES;
				CLANG_WARN_SUSPICIOUS_MOVE = YES;
				CLANG_WARN_UNGUARDED_AVAILABILITY = YES_AGGRESSIVE;
				CLANG_WARN_UNREACHABLE_CODE = YES;
				CLANG_WARN__DUPLICATE_METHOD_MATCH = YES;
				CODE_SIGN_IDENTITY = "iPhone Developer";
				COPY_PHASE_STRIP = NO;
				DEBUG_INFORMATION_FORMAT = "dwarf-with-dsym";
				ENABLE_NS_ASSERTIONS = NO;
				ENABLE_STRICT_OBJC_MSGSEND = YES;
				GCC_C_LANGUAGE_STANDARD = gnu11;
				GCC_NO_COMMON_BLOCKS = YES;
				GCC_WARN_64_TO_32_BIT_CONVERSION = YES;
				GCC_WARN_ABOUT_RETURN_TYPE = YES_ERROR;
				GCC_WARN_UNDECLARED_SELECTOR = YES;
				GCC_WARN_UNINITIALIZED_AUTOS = YES_AGGRESSIVE;
				GCC_WARN_UNUSED_FUNCTION = YES;
				GCC_WARN_UNUSED_VARIABLE = YES;
				IPHONEOS_DEPLOYMENT_TARGET = 12.2;
				MTL_ENABLE_DEBUG_INFO = NO;
				MTL_FAST_MATH = YES;
				SDKROOT = iphoneos;
				VALIDATE_PRODUCT = YES;
			};
			name = Release;
		};
		97BC241F22743C6700024FDE /* Debug */ = {
			isa = XCBuildConfiguration;
			baseConfigurationReference = 7F79CA9C3BD58032F78C30CB /* Pods-SRMessageKit.debug.xcconfig */;
			buildSettings = {
				ASSETCATALOG_COMPILER_APPICON_NAME = AppIcon;
				CODE_SIGN_STYLE = Automatic;
				DEVELOPMENT_TEAM = LT8CXM9387;
				INFOPLIST_FILE = SRMessageKit/Info.plist;
				IPHONEOS_DEPLOYMENT_TARGET = 9.0;
				LD_RUNPATH_SEARCH_PATHS = (
					"$(inherited)",
					"@executable_path/Frameworks",
				);
				PRODUCT_BUNDLE_IDENTIFIER = com.zyvv.SRMessageKit;
				PRODUCT_NAME = "$(TARGET_NAME)";
				TARGETED_DEVICE_FAMILY = "1,2";
			};
			name = Debug;
		};
		97BC242022743C6700024FDE /* Release */ = {
			isa = XCBuildConfiguration;
			baseConfigurationReference = FE65E7F31ACC9A5CA95127BB /* Pods-SRMessageKit.release.xcconfig */;
			buildSettings = {
				ASSETCATALOG_COMPILER_APPICON_NAME = AppIcon;
				CODE_SIGN_STYLE = Automatic;
				DEVELOPMENT_TEAM = LT8CXM9387;
				INFOPLIST_FILE = SRMessageKit/Info.plist;
				IPHONEOS_DEPLOYMENT_TARGET = 9.0;
				LD_RUNPATH_SEARCH_PATHS = (
					"$(inherited)",
					"@executable_path/Frameworks",
				);
				PRODUCT_BUNDLE_IDENTIFIER = com.zyvv.SRMessageKit;
				PRODUCT_NAME = "$(TARGET_NAME)";
				TARGETED_DEVICE_FAMILY = "1,2";
			};
			name = Release;
		};
/* End XCBuildConfiguration section */

/* Begin XCConfigurationList section */
		97BC240322743C6500024FDE /* Build configuration list for PBXProject "SRMessageKit" */ = {
			isa = XCConfigurationList;
			buildConfigurations = (
				97BC241C22743C6700024FDE /* Debug */,
				97BC241D22743C6700024FDE /* Release */,
			);
			defaultConfigurationIsVisible = 0;
			defaultConfigurationName = Release;
		};
		97BC241E22743C6700024FDE /* Build configuration list for PBXNativeTarget "SRMessageKit" */ = {
			isa = XCConfigurationList;
			buildConfigurations = (
				97BC241F22743C6700024FDE /* Debug */,
				97BC242022743C6700024FDE /* Release */,
			);
			defaultConfigurationIsVisible = 0;
			defaultConfigurationName = Release;
		};
/* End XCConfigurationList section */
	};
	rootObject = 97BC240022743C6500024FDE /* Project object */;
}
